
Microsoft Visual Studio Solution File, Format Version 12.00
# Visual Studio Version 17
VisualStudioVersion = 17.3.32819.101
MinimumVisualStudioVersion = 10.0.40219.1
Project("{2150E333-8FDC-42A3-9474-1A3956D46DE8}") = "src", "src", "{E7897139-D7D5-4920-8F3E-D6221614473A}"
EndProject
Project("{2150E333-8FDC-42A3-9474-1A3956D46DE8}") = "WebArchiteture.ApplicationCore", "WebArchiteture.ApplicationCore", "{CCA1426C-36AD-4E8F-9ADD-49C5534C7545}"
EndProject
Project("{2150E333-8FDC-42A3-9474-1A3956D46DE8}") = "WebArchiteture.Infrastructure", "WebArchiteture.Infrastructure", "{A9FBD9E2-2FDD-495E-93E4-F3D65679CF21}"
EndProject
Project("{2150E333-8FDC-42A3-9474-1A3956D46DE8}") = "WebArchiteture.Web", "WebArchiteture.Web", "{0C30A95A-C290-45A8-B004-546E4B3AF9CB}"
EndProject
Project("{9A19103F-16F7-4668-BE54-9A1E7A4F7556}") = "MEOCampaign.Web", "MEOCampaign.Web\MEOCampaign.Web.csproj", "{9C97EF68-3384-4C12-81C4-55B1BDA54F43}"
EndProject
Project("{9A19103F-16F7-4668-BE54-9A1E7A4F7556}") = "MEOCampaign.Core", "MEOCampaign.Core\MEOCampaign.Core.csproj", "{36C68668-FF37-41F4-BD2E-71A3A69BECFB}"
EndProject
Project("{9A19103F-16F7-4668-BE54-9A1E7A4F7556}") = "MEOCampaign.Infra", "MAOCampaign.Infra\MEOCampaign.Infra.csproj", "{5432C60F-53B7-4E2A-9531-6EDE19A26D6F}"
EndProject
Global
	GlobalSection(SolutionConfigurationPlatforms) = preSolution
		Debug|Any CPU = Debug|Any CPU
		Release|Any CPU = Release|Any CPU
	EndGlobalSection
	GlobalSection(ProjectConfigurationPlatforms) = postSolution
		{9C97EF68-3384-4C12-81C4-55B1BDA54F43}.Debug|Any CPU.ActiveCfg = Debug|Any CPU
		{9C97EF68-3384-4C12-81C4-55B1BDA54F43}.Debug|Any CPU.Build.0 = Debug|Any CPU
		{9C97EF68-3384-4C12-81C4-55B1BDA54F43}.Release|Any CPU.ActiveCfg = Release|Any CPU
		{9C97EF68-3384-4C12-81C4-55B1BDA54F43}.Release|Any CPU.Build.0 = Release|Any CPU
		{36C68668-FF37-41F4-BD2E-71A3A69BECFB}.Debug|Any CPU.ActiveCfg = Debug|Any CPU
		{36C68668-FF37-41F4-BD2E-71A3A69BECFB}.Debug|Any CPU.Build.0 = Debug|Any CPU
		{36C68668-FF37-41F4-BD2E-71A3A69BECFB}.Release|Any CPU.ActiveCfg = Release|Any CPU
		{36C68668-FF37-41F4-BD2E-71A3A69BECFB}.Release|Any CPU.Build.0 = Release|Any CPU
		{5432C60F-53B7-4E2A-9531-6EDE19A26D6F}.Debug|Any CPU.ActiveCfg = Debug|Any CPU
		{5432C60F-53B7-4E2A-9531-6EDE19A26D6F}.Debug|Any CPU.Build.0 = Debug|Any CPU
		{5432C60F-53B7-4E2A-9531-6EDE19A26D6F}.Release|Any CPU.ActiveCfg = Release|Any CPU
		{5432C60F-53B7-4E2A-9531-6EDE19A26D6F}.Release|Any CPU.Build.0 = Release|Any CPU
	EndGlobalSection
	GlobalSection(SolutionProperties) = preSolution
		HideSolutionNode = FALSE
	EndGlobalSection
	GlobalSection(NestedProjects) = preSolution
		{CCA1426C-36AD-4E8F-9ADD-49C5534C7545} = {E7897139-D7D5-4920-8F3E-D6221614473A}
		{A9FBD9E2-2FDD-495E-93E4-F3D65679CF21} = {E7897139-D7D5-4920-8F3E-D6221614473A}
		{0C30A95A-C290-45A8-B004-546E4B3AF9CB} = {E7897139-D7D5-4920-8F3E-D6221614473A}
		{9C97EF68-3384-4C12-81C4-55B1BDA54F43} = {0C30A95A-C290-45A8-B004-546E4B3AF9CB}
		{36C68668-FF37-41F4-BD2E-71A3A69BECFB} = {CCA1426C-36AD-4E8F-9ADD-49C5534C7545}
		{5432C60F-53B7-4E2A-9531-6EDE19A26D6F} = {A9FBD9E2-2FDD-495E-93E4-F3D65679CF21}
	EndGlobalSection
	GlobalSection(ExtensibilityGlobals) = postSolution
		SolutionGuid = {742536ED-575F-402A-9589-B59A8D2C2248}
	EndGlobalSection
EndGlobal
